
Microsoft Visual Studio Solution File, Format Version 12.00
# Visual Studio Version 17
VisualStudioVersion = 17.6.33815.320
MinimumVisualStudioVersion = 10.0.40219.1
Project("{9A19103F-16F7-4668-BE54-9A1E7A4F7556}") = "TESTWebApp", "TESTWebApp\TESTWebApp.csproj", "{E7AACDFC-8026-4DF0-A2BD-B6D29CF9A6E3}"
EndProject
Project("{9A19103F-16F7-4668-BE54-9A1E7A4F7556}") = "TESTWebApp.Domain", "TESTWebApp.Domain\TESTWebApp.Domain.csproj", "{2F4FE074-EB9A-426D-B1E1-C3D64800D5C7}"
EndProject
Project("{9A19103F-16F7-4668-BE54-9A1E7A4F7556}") = "TESTWebApp.UseCase", "TESTWebApp.UseCase\TESTWebApp.UseCase.csproj", "{1BEE193B-9975-4F9D-95F2-4C0AF816CDD9}"
EndProject
Project("{9A19103F-16F7-4668-BE54-9A1E7A4F7556}") = "TESTWebApp.Infrastructure", "TESTWebApp.Infrastructure\TESTWebApp.Infrastructure.csproj", "{DEBD8258-1ABC-42B7-82AC-2DBAB01BED92}"
EndProject
Project("{FAE04EC0-301F-11D3-BF4B-00C04F79EFBC}") = "TESTWebApp.UnitTests", "TESTWebApp.UnitTests\TESTWebApp.UnitTests.csproj", "{F38FC96F-A6B2-44CD-8F3B-7FA0E6039F86}"
EndProject
Global
	GlobalSection(SolutionConfigurationPlatforms) = preSolution
		Debug|Any CPU = Debug|Any CPU
		Release|Any CPU = Release|Any CPU
	EndGlobalSection
	GlobalSection(ProjectConfigurationPlatforms) = postSolution
		{E7AACDFC-8026-4DF0-A2BD-B6D29CF9A6E3}.Debug|Any CPU.ActiveCfg = Debug|Any CPU
		{E7AACDFC-8026-4DF0-A2BD-B6D29CF9A6E3}.Debug|Any CPU.Build.0 = Debug|Any CPU
		{E7AACDFC-8026-4DF0-A2BD-B6D29CF9A6E3}.Release|Any CPU.ActiveCfg = Release|Any CPU
		{E7AACDFC-8026-4DF0-A2BD-B6D29CF9A6E3}.Release|Any CPU.Build.0 = Release|Any CPU
		{2F4FE074-EB9A-426D-B1E1-C3D64800D5C7}.Debug|Any CPU.ActiveCfg = Debug|Any CPU
		{2F4FE074-EB9A-426D-B1E1-C3D64800D5C7}.Debug|Any CPU.Build.0 = Debug|Any CPU
		{2F4FE074-EB9A-426D-B1E1-C3D64800D5C7}.Release|Any CPU.ActiveCfg = Release|Any CPU
		{2F4FE074-EB9A-426D-B1E1-C3D64800D5C7}.Release|Any CPU.Build.0 = Release|Any CPU
		{1BEE193B-9975-4F9D-95F2-4C0AF816CDD9}.Debug|Any CPU.ActiveCfg = Debug|Any CPU
		{1BEE193B-9975-4F9D-95F2-4C0AF816CDD9}.Debug|Any CPU.Build.0 = Debug|Any CPU
		{1BEE193B-9975-4F9D-95F2-4C0AF816CDD9}.Release|Any CPU.ActiveCfg = Release|Any CPU
		{1BEE193B-9975-4F9D-95F2-4C0AF816CDD9}.Release|Any CPU.Build.0 = Release|Any CPU
		{DEBD8258-1ABC-42B7-82AC-2DBAB01BED92}.Debug|Any CPU.ActiveCfg = Debug|Any CPU
		{DEBD8258-1ABC-42B7-82AC-2DBAB01BED92}.Debug|Any CPU.Build.0 = Debug|Any CPU
		{DEBD8258-1ABC-42B7-82AC-2DBAB01BED92}.Release|Any CPU.ActiveCfg = Release|Any CPU
		{DEBD8258-1ABC-42B7-82AC-2DBAB01BED92}.Release|Any CPU.Build.0 = Release|Any CPU
		{F38FC96F-A6B2-44CD-8F3B-7FA0E6039F86}.Debug|Any CPU.ActiveCfg = Debug|Any CPU
		{F38FC96F-A6B2-44CD-8F3B-7FA0E6039F86}.Debug|Any CPU.Build.0 = Debug|Any CPU
		{F38FC96F-A6B2-44CD-8F3B-7FA0E6039F86}.Release|Any CPU.ActiveCfg = Release|Any CPU
		{F38FC96F-A6B2-44CD-8F3B-7FA0E6039F86}.Release|Any CPU.Build.0 = Release|Any CPU
	EndGlobalSection
	GlobalSection(SolutionProperties) = preSolution
		HideSolutionNode = FALSE
	EndGlobalSection
	GlobalSection(ExtensibilityGlobals) = postSolution
		SolutionGuid = {8D69AC45-3AAB-425C-A11A-A5CBDB2DE89D}
	EndGlobalSection
EndGlobal
